// !$*UTF8*$!
{
	archiveVersion = 1;
	classes = {
	};
	objectVersion = 46;
	objects = {

/* Begin PBXFileReference section */
		891E5D5A158970C60087C592 /* scores.py */ = {isa = PBXFileReference; lastKnownFileType = text.script.python; path = scores.py; sourceTree = "<group>"; };
		894A8AFB158130B6004F88D0 /* model.py */ = {isa = PBXFileReference; lastKnownFileType = text.script.python; path = model.py; sourceTree = "<group>"; };
		894A8B001581420A004F88D0 /* report.py */ = {isa = PBXFileReference; lastKnownFileType = text.script.python; path = report.py; sourceTree = "<group>"; };
		894A8B021581420A004F88D0 /* generic.py */ = {isa = PBXFileReference; lastKnownFileType = text.script.python; path = generic.py; sourceTree = "<group>"; };
		894A8B031581420A004F88D0 /* util.py */ = {isa = PBXFileReference; lastKnownFileType = text.script.python; path = util.py; sourceTree = "<group>"; };
		894A8B071581420A004F88D0 /* highScores.py */ = {isa = PBXFileReference; lastKnownFileType = text.script.python; path = highScores.py; sourceTree = "<group>"; };
		894A8B091581420A004F88D0 /* config.yaml */ = {isa = PBXFileReference; lastKnownFileType = text; path = config.yaml; sourceTree = "<group>"; };
		894A8B0D1581420A004F88D0 /* api.py */ = {isa = PBXFileReference; lastKnownFileType = text.script.python; path = api.py; sourceTree = "<group>"; };
		894A8B0E1581420A004F88D0 /* app.yaml */ = {isa = PBXFileReference; lastKnownFileType = text; path = app.yaml; sourceTree = "<group>"; };
		894A8B0F1581420A004F88D0 /* generic.py */ = {isa = PBXFileReference; lastKnownFileType = text.script.python; path = generic.py; sourceTree = "<group>"; };
		894A8B101581420A004F88D0 /* util.py */ = {isa = PBXFileReference; lastKnownFileType = text.script.python; path = util.py; sourceTree = "<group>"; };
		894A8B111581420A004F88D0 /* web.py */ = {isa = PBXFileReference; lastKnownFileType = text.script.python; path = web.py; sourceTree = "<group>"; };
		894A8B121581472B004F88D0 /* client.py */ = {isa = PBXFileReference; lastKnownFileType = text.script.python; path = client.py; sourceTree = "<group>"; };
		89B773891581167E0027E13E /* freefall */ = {isa = PBXFileReference; lastKnownFileType = text; path = freefall; sourceTree = "<group>"; };
		89B7738B1581167E0027E13E /* config.yaml */ = {isa = PBXFileReference; lastKnownFileType = text; path = config.yaml; sourceTree = "<group>"; };
		89B7738D1581167E0027E13E /* airspeed.py */ = {isa = PBXFileReference; lastKnownFileType = text.script.python; path = airspeed.py; sourceTree = "<group>"; };
		89B7738E1581167E0027E13E /* airspeed.pyc */ = {isa = PBXFileReference; lastKnownFileType = file; path = airspeed.pyc; sourceTree = "<group>"; };
		89B7738F1581167E0027E13E /* pavement.py */ = {isa = PBXFileReference; lastKnownFileType = text.script.python; path = pavement.py; sourceTree = "<group>"; };
		89B773901581167E0027E13E /* README.md */ = {isa = PBXFileReference; lastKnownFileType = text; path = README.md; sourceTree = "<group>"; };
		89B773911581167E0027E13E /* setEnv.sh */ = {isa = PBXFileReference; lastKnownFileType = text.script.sh; path = setEnv.sh; sourceTree = "<group>"; };
		89B773931581167E0027E13E /* generic.py */ = {isa = PBXFileReference; lastKnownFileType = text.script.python; path = generic.py; sourceTree = "<group>"; };
		89B773981581167E0027E13E /* api.py */ = {isa = PBXFileReference; lastKnownFileType = text.script.python; path = api.py; sourceTree = "<group>"; };
		89B773991581167E0027E13E /* app.yaml */ = {isa = PBXFileReference; lastKnownFileType = text; path = app.yaml; sourceTree = "<group>"; };
		89B7739A1581167E0027E13E /* web.py */ = {isa = PBXFileReference; lastKnownFileType = text.script.python; path = web.py; sourceTree = "<group>"; };
		89B7739E1581167E0027E13E /* testAction.py */ = {isa = PBXFileReference; lastKnownFileType = text.script.python; path = testAction.py; sourceTree = "<group>"; };
		89B773A01581167E0027E13E /* generic.py */ = {isa = PBXFileReference; lastKnownFileType = text.script.python; path = generic.py; sourceTree = "<group>"; };
		89B773A11581167E0027E13E /* util.py */ = {isa = PBXFileReference; lastKnownFileType = text.script.python; path = util.py; sourceTree = "<group>"; };
		89B773A51581167E0027E13E /* testView.py */ = {isa = PBXFileReference; lastKnownFileType = text.script.python; path = testView.py; sourceTree = "<group>"; };
		89B773A71581167E0027E13E /* config.yaml */ = {isa = PBXFileReference; lastKnownFileType = text; path = config.yaml; sourceTree = "<group>"; };
		89B773A91581167E0027E13E /* api.py */ = {isa = PBXFileReference; lastKnownFileType = text.script.python; path = api.py; sourceTree = "<group>"; };
		89B773AA1581167E0027E13E /* app.yaml */ = {isa = PBXFileReference; lastKnownFileType = text; path = app.yaml; sourceTree = "<group>"; };
		89B773AB1581167E0027E13E /* web.py */ = {isa = PBXFileReference; lastKnownFileType = text.script.python; path = web.py; sourceTree = "<group>"; };
		89BF94CD15829054008EA2A6 /* transform.py */ = {isa = PBXFileReference; lastKnownFileType = text.script.python; path = transform.py; sourceTree = "<group>"; };
		89BF94CF158293E9008EA2A6 /* storage.py */ = {isa = PBXFileReference; lastKnownFileType = text.script.python; path = storage.py; sourceTree = "<group>"; };
		89BF94D015829E20008EA2A6 /* models.py */ = {isa = PBXFileReference; lastKnownFileType = text.script.python; path = models.py; sourceTree = "<group>"; };
		89C39C481590D07500271216 /* transforms.py */ = {isa = PBXFileReference; lastKnownFileType = text.script.python; path = transforms.py; sourceTree = "<group>"; };
		89C39C4A1590D99F00271216 /* transformUtils.py */ = {isa = PBXFileReference; lastKnownFileType = text.script.python; path = transformUtils.py; sourceTree = "<group>"; };
		89C39C4C1590E11700271216 /* highest.py */ = {isa = PBXFileReference; lastKnownFileType = text.script.python; path = highest.py; sourceTree = "<group>"; };
		89C39C4D1591110400271216 /* triggerInfo.py */ = {isa = PBXFileReference; lastKnownFileType = text.script.python; path = triggerInfo.py; sourceTree = "<group>"; };
		89C39C4E15937B5D00271216 /* sort.py */ = {isa = PBXFileReference; lastKnownFileType = text.script.python; path = sort.py; sourceTree = "<group>"; };
		89DE1FB815879C9100917330 /* modelInfo.py */ = {isa = PBXFileReference; lastKnownFileType = text.script.python; path = modelInfo.py; sourceTree = "<group>"; };
		89DE1FBA1587AE2B00917330 /* queue.yaml */ = {isa = PBXFileReference; lastKnownFileType = text; path = queue.yaml; sourceTree = "<group>"; };
		89DF9D0315A3487C0078ACBD /* Client.java */ = {isa = PBXFileReference; lastKnownFileType = sourcecode.java; path = Client.java; sourceTree = "<group>"; };
/* End PBXFileReference section */

/* Begin PBXGroup section */
		894A8AFD1581420A004F88D0 /* mconline */ = {
			isa = PBXGroup;
			children = (
				894A8AFE1581420A004F88D0 /* app */,
				894A8B081581420A004F88D0 /* config */,
				894A8B0A1581420A004F88D0 /* gen */,
			);
			path = mconline;
			sourceTree = "<group>";
		};
		894A8AFE1581420A004F88D0 /* app */ = {
			isa = PBXGroup;
			children = (
				894A8AFF1581420A004F88D0 /* actions */,
				89C39C4B1590E11700271216 /* transforms */,
				894A8B011581420A004F88D0 /* lib */,
				894A8B041581420A004F88D0 /* models */,
				894A8B061581420A004F88D0 /* views */,
			);
			path = app;
			sourceTree = "<group>";
		};
		894A8AFF1581420A004F88D0 /* actions */ = {
			isa = PBXGroup;
			children = (
				894A8B001581420A004F88D0 /* report.py */,
			);
			path = actions;
			sourceTree = "<group>";
		};
		894A8B011581420A004F88D0 /* lib */ = {
			isa = PBXGroup;
			children = (
				894A8B021581420A004F88D0 /* generic.py */,
				894A8B031581420A004F88D0 /* util.py */,
			);
			path = lib;
			sourceTree = "<group>";
		};
		894A8B041581420A004F88D0 /* models */ = {
			isa = PBXGroup;
			children = (
			);
			path = models;
			sourceTree = "<group>";
		};
		894A8B061581420A004F88D0 /* views */ = {
			isa = PBXGroup;
			children = (
				894A8B071581420A004F88D0 /* highScores.py */,
				891E5D5A158970C60087C592 /* scores.py */,
			);
			path = views;
			sourceTree = "<group>";
		};
		894A8B081581420A004F88D0 /* config */ = {
			isa = PBXGroup;
			children = (
				894A8B091581420A004F88D0 /* config.yaml */,
			);
			path = config;
			sourceTree = "<group>";
		};
		894A8B0A1581420A004F88D0 /* gen */ = {
			isa = PBXGroup;
			children = (
				894A8B0B1581420A004F88D0 /* client */,
				894A8B0C1581420A004F88D0 /* server */,
			);
			path = gen;
			sourceTree = "<group>";
		};
		894A8B0B1581420A004F88D0 /* client */ = {
			isa = PBXGroup;
			children = (
			);
			path = client;
			sourceTree = "<group>";
		};
		894A8B0C1581420A004F88D0 /* server */ = {
			isa = PBXGroup;
			children = (
				894A8B0D1581420A004F88D0 /* api.py */,
				894A8B0E1581420A004F88D0 /* app.yaml */,
				894A8B0F1581420A004F88D0 /* generic.py */,
				894A8B101581420A004F88D0 /* util.py */,
				894A8B111581420A004F88D0 /* web.py */,
			);
			path = server;
			sourceTree = "<group>";
		};
		895F914F1581156A00205F9A = {
			isa = PBXGroup;
			children = (
				89B773881581167E0027E13E /* bin */,
				89B7738A1581167E0027E13E /* examples */,
				89B7738C1581167E0027E13E /* lib */,
				89B7738F1581167E0027E13E /* pavement.py */,
				89B773901581167E0027E13E /* README.md */,
				89B773911581167E0027E13E /* setEnv.sh */,
				89B773921581167E0027E13E /* src */,
				89B773971581167E0027E13E /* templates */,
				894A8AFD1581420A004F88D0 /* mconline */,
				89B7739B1581167E0027E13E /* test */,
			);
			sourceTree = "<group>";
		};
		89B773881581167E0027E13E /* bin */ = {
			isa = PBXGroup;
			children = (
				89B773891581167E0027E13E /* freefall */,
			);
			path = bin;
			sourceTree = "<group>";
		};
		89B7738A1581167E0027E13E /* examples */ = {
			isa = PBXGroup;
			children = (
				89DE1FBA1587AE2B00917330 /* queue.yaml */,
				89B7738B1581167E0027E13E /* config.yaml */,
			);
			path = examples;
			sourceTree = "<group>";
		};
		89B7738C1581167E0027E13E /* lib */ = {
			isa = PBXGroup;
			children = (
				89B7738D1581167E0027E13E /* airspeed.py */,
				89B7738E1581167E0027E13E /* airspeed.pyc */,
			);
			path = lib;
			sourceTree = "<group>";
		};
		89B773921581167E0027E13E /* src */ = {
			isa = PBXGroup;
			children = (
				89BF94D015829E20008EA2A6 /* models.py */,
				89B773931581167E0027E13E /* generic.py */,
				89BF94CD15829054008EA2A6 /* transform.py */,
				89C39C4A1590D99F00271216 /* transformUtils.py */,
				89BF94CF158293E9008EA2A6 /* storage.py */,
				894A8AFB158130B6004F88D0 /* model.py */,
			);
			path = src;
			sourceTree = "<group>";
		};
		89B773971581167E0027E13E /* templates */ = {
			isa = PBXGroup;
			children = (
				894A8B121581472B004F88D0 /* client.py */,
				89DF9D0315A3487C0078ACBD /* Client.java */,
				89B773981581167E0027E13E /* api.py */,
				89C39C481590D07500271216 /* transforms.py */,
				89B773991581167E0027E13E /* app.yaml */,
				89B7739A1581167E0027E13E /* web.py */,
				89DE1FB815879C9100917330 /* modelInfo.py */,
				89C39C4D1591110400271216 /* triggerInfo.py */,
			);
			path = templates;
			sourceTree = "<group>";
		};
		89B7739B1581167E0027E13E /* test */ = {
			isa = PBXGroup;
			children = (
				89B7739C1581167E0027E13E /* app */,
				89B773A61581167E0027E13E /* config */,
				89B773A81581167E0027E13E /* gen */,
			);
			path = test;
			sourceTree = "<group>";
		};
		89B7739C1581167E0027E13E /* app */ = {
			isa = PBXGroup;
			children = (
				89B7739D1581167E0027E13E /* actions */,
				89B7739F1581167E0027E13E /* lib */,
				89B773A21581167E0027E13E /* models */,
				89B773A31581167E0027E13E /* transformations */,
				89B773A41581167E0027E13E /* views */,
			);
			path = app;
			sourceTree = "<group>";
		};
		89B7739D1581167E0027E13E /* actions */ = {
			isa = PBXGroup;
			children = (
				89B7739E1581167E0027E13E /* testAction.py */,
			);
			path = actions;
			sourceTree = "<group>";
		};
		89B7739F1581167E0027E13E /* lib */ = {
			isa = PBXGroup;
			children = (
				89B773A01581167E0027E13E /* generic.py */,
				89B773A11581167E0027E13E /* util.py */,
			);
			path = lib;
			sourceTree = "<group>";
		};
		89B773A21581167E0027E13E /* models */ = {
			isa = PBXGroup;
			children = (
			);
			path = models;
			sourceTree = "<group>";
		};
		89B773A31581167E0027E13E /* transformations */ = {
			isa = PBXGroup;
			children = (
			);
			path = transformations;
			sourceTree = "<group>";
		};
		89B773A41581167E0027E13E /* views */ = {
			isa = PBXGroup;
			children = (
				89B773A51581167E0027E13E /* testView.py */,
			);
			path = views;
			sourceTree = "<group>";
		};
		89B773A61581167E0027E13E /* config */ = {
			isa = PBXGroup;
			children = (
				89B773A71581167E0027E13E /* config.yaml */,
			);
			path = config;
			sourceTree = "<group>";
		};
		89B773A81581167E0027E13E /* gen */ = {
			isa = PBXGroup;
			children = (
				89B773A91581167E0027E13E /* api.py */,
				89B773AA1581167E0027E13E /* app.yaml */,
				89B773AB1581167E0027E13E /* web.py */,
			);
			path = gen;
			sourceTree = "<group>";
		};
		89C39C4B1590E11700271216 /* transforms */ = {
			isa = PBXGroup;
			children = (
				89C39C4E15937B5D00271216 /* sort.py */,
				89C39C4C1590E11700271216 /* highest.py */,
			);
			path = transforms;
			sourceTree = "<group>";
		};
/* End PBXGroup section */

/* Begin PBXProject section */
		895F91511581156A00205F9A /* Project object */ = {
			isa = PBXProject;
			attributes = {
				LastUpgradeCheck = 0430;
			};
			buildConfigurationList = 895F91541581156A00205F9A /* Build configuration list for PBXProject "freefalldb" */;
			compatibilityVersion = "Xcode 3.2";
			developmentRegion = English;
			hasScannedForEncodings = 0;
			knownRegions = (
				en,
			);
			mainGroup = 895F914F1581156A00205F9A;
			projectDirPath = "";
			projectRoot = "";
			targets = (
			);
		};
/* End PBXProject section */

/* Begin XCBuildConfiguration section */
		895F91561581156B00205F9A /* Debug */ = {
			isa = XCBuildConfiguration;
			buildSettings = {
			};
			name = Debug;
		};
		895F91571581156B00205F9A /* Release */ = {
			isa = XCBuildConfiguration;
			buildSettings = {
			};
			name = Release;
		};
/* End XCBuildConfiguration section */

/* Begin XCConfigurationList section */
		895F91541581156A00205F9A /* Build configuration list for PBXProject "freefalldb" */ = {
			isa = XCConfigurationList;
			buildConfigurations = (
				895F91561581156B00205F9A /* Debug */,
				895F91571581156B00205F9A /* Release */,
			);
			defaultConfigurationIsVisible = 0;
			defaultConfigurationName = Release;
		};
/* End XCConfigurationList section */
	};
	rootObject = 895F91511581156A00205F9A /* Project object */;
}
